
Microsoft Visual Studio Solution File, Format Version 12.00
# Visual Studio 15
VisualStudioVersion = 15.0.27130.2020
MinimumVisualStudioVersion = 10.0.40219.1
Project("{FAE04EC0-301F-11D3-BF4B-00C04F79EFBC}") = "forGit", "forGit\forGit.csproj", "{2FC90FAE-2AB1-42ED-A3E0-E89097A2CCD6}"
EndProject
Global
	GlobalSection(SolutionConfigurationPlatforms) = preSolution
		Debug|Any CPU = Debug|Any CPU
		Release|Any CPU = Release|Any CPU
	EndGlobalSection
	GlobalSection(ProjectConfigurationPlatforms) = postSolution
		{2FC90FAE-2AB1-42ED-A3E0-E89097A2CCD6}.Debug|Any CPU.ActiveCfg = Debug|Any CPU
		{2FC90FAE-2AB1-42ED-A3E0-E89097A2CCD6}.Debug|Any CPU.Build.0 = Debug|Any CPU
		{2FC90FAE-2AB1-42ED-A3E0-E89097A2CCD6}.Release|Any CPU.ActiveCfg = Release|Any CPU
		{2FC90FAE-2AB1-42ED-A3E0-E89097A2CCD6}.Release|Any CPU.Build.0 = Release|Any CPU
	EndGlobalSection
	GlobalSection(SolutionProperties) = preSolution
		HideSolutionNode = FALSE
	EndGlobalSection
	GlobalSection(ExtensibilityGlobals) = postSolution
		SolutionGuid = {2A2084E9-79C5-40FE-8829-A597EA13DB50}
	EndGlobalSection
EndGlobal
